
Microsoft Visual Studio Solution File, Format Version 12.00
# Visual Studio Version 17
VisualStudioVersion = 17.5.33530.505
MinimumVisualStudioVersion = 10.0.40219.1
Project("{FAE04EC0-301F-11D3-BF4B-00C04F79EFBC}") = "QNNUTYUN 1", "QNNUTYUN 1\QNNUTYUN 1.csproj", "{26CD9F35-E156-4497-AB0E-87EFE15E92D7}"
EndProject
Global
	GlobalSection(SolutionConfigurationPlatforms) = preSolution
		Debug|Any CPU = Debug|Any CPU
		Release|Any CPU = Release|Any CPU
	EndGlobalSection
	GlobalSection(ProjectConfigurationPlatforms) = postSolution
		{26CD9F35-E156-4497-AB0E-87EFE15E92D7}.Debug|Any CPU.ActiveCfg = Debug|Any CPU
		{26CD9F35-E156-4497-AB0E-87EFE15E92D7}.Debug|Any CPU.Build.0 = Debug|Any CPU
		{26CD9F35-E156-4497-AB0E-87EFE15E92D7}.Release|Any CPU.ActiveCfg = Release|Any CPU
		{26CD9F35-E156-4497-AB0E-87EFE15E92D7}.Release|Any CPU.Build.0 = Release|Any CPU
	EndGlobalSection
	GlobalSection(SolutionProperties) = preSolution
		HideSolutionNode = FALSE
	EndGlobalSection
	GlobalSection(ExtensibilityGlobals) = postSolution
		SolutionGuid = {46264EA1-0BDB-4FF3-BC4D-20A64AC1E34B}
	EndGlobalSection
EndGlobal
